
Microsoft Visual Studio Solution File, Format Version 12.00
# Visual Studio Version 17
VisualStudioVersion = 17.14.36518.9
MinimumVisualStudioVersion = 10.0.40219.1
Project("{FAE04EC0-301F-11D3-BF4B-00C04F79EFBC}") = "ExpenseTracker", "ExpenseTracker\ExpenseTracker.csproj", "{3717B31D-8E9F-4662-967C-8EDE1F5FBBC0}"
EndProject
Project("{FAE04EC0-301F-11D3-BF4B-00C04F79EFBC}") = "TrackerBussinessLogic", "TrackerBussinessLogic\TrackerBussinessLogic.csproj", "{005E0D4E-F52A-49CE-8089-A03A4CF9FFD4}"
EndProject
Global
	GlobalSection(SolutionConfigurationPlatforms) = preSolution
		Debug|Any CPU = Debug|Any CPU
		Release|Any CPU = Release|Any CPU
	EndGlobalSection
	GlobalSection(ProjectConfigurationPlatforms) = postSolution
		{3717B31D-8E9F-4662-967C-8EDE1F5FBBC0}.Debug|Any CPU.ActiveCfg = Debug|Any CPU
		{3717B31D-8E9F-4662-967C-8EDE1F5FBBC0}.Debug|Any CPU.Build.0 = Debug|Any CPU
		{3717B31D-8E9F-4662-967C-8EDE1F5FBBC0}.Release|Any CPU.ActiveCfg = Release|Any CPU
		{3717B31D-8E9F-4662-967C-8EDE1F5FBBC0}.Release|Any CPU.Build.0 = Release|Any CPU
		{005E0D4E-F52A-49CE-8089-A03A4CF9FFD4}.Debug|Any CPU.ActiveCfg = Debug|Any CPU
		{005E0D4E-F52A-49CE-8089-A03A4CF9FFD4}.Debug|Any CPU.Build.0 = Debug|Any CPU
		{005E0D4E-F52A-49CE-8089-A03A4CF9FFD4}.Release|Any CPU.ActiveCfg = Release|Any CPU
		{005E0D4E-F52A-49CE-8089-A03A4CF9FFD4}.Release|Any CPU.Build.0 = Release|Any CPU
	EndGlobalSection
	GlobalSection(SolutionProperties) = preSolution
		HideSolutionNode = FALSE
	EndGlobalSection
	GlobalSection(ExtensibilityGlobals) = postSolution
		SolutionGuid = {1C5E064E-5981-488C-981C-EDC1B22E130B}
	EndGlobalSection
EndGlobal
